// !$*UTF8*$!
{
	archiveVersion = 1;
	classes = {
	};
	objectVersion = 56;
	objects = {

/* Begin PBXBuildFile section */
		5C0F35F12C1C744500B06B64 /* Logincontroller.swift in Sources */ = {isa = PBXBuildFile; fileRef = 5C0F35F02C1C744500B06B64 /* Logincontroller.swift */; };
		5C0F35F32C1C74EE00B06B64 /* RegistrationController.swift in Sources */ = {isa = PBXBuildFile; fileRef = 5C0F35F22C1C74EE00B06B64 /* RegistrationController.swift */; };
		5C0F35F52C1E3B7700B06B64 /* Utilities.swift in Sources */ = {isa = PBXBuildFile; fileRef = 5C0F35F42C1E3B7700B06B64 /* Utilities.swift */; };
		5CABC6372C11C3A500B1A700 /* AppDelegate.swift in Sources */ = {isa = PBXBuildFile; fileRef = 5CABC6362C11C3A500B1A700 /* AppDelegate.swift */; };
		5CABC6392C11C3A500B1A700 /* SceneDelegate.swift in Sources */ = {isa = PBXBuildFile; fileRef = 5CABC6382C11C3A500B1A700 /* SceneDelegate.swift */; };
		5CABC63E2C11C3A500B1A700 /* Base in Resources */ = {isa = PBXBuildFile; fileRef = 5CABC63D2C11C3A500B1A700 /* Base */; };
		5CABC6402C11C3A600B1A700 /* Assets.xcassets in Resources */ = {isa = PBXBuildFile; fileRef = 5CABC63F2C11C3A600B1A700 /* Assets.xcassets */; };
		5CABC6432C11C3A600B1A700 /* Base in Resources */ = {isa = PBXBuildFile; fileRef = 5CABC6422C11C3A600B1A700 /* Base */; };
		5CABC64E2C11C3A600B1A700 /* TwitterCloneTests.swift in Sources */ = {isa = PBXBuildFile; fileRef = 5CABC64D2C11C3A600B1A700 /* TwitterCloneTests.swift */; };
		5CABC6582C11C3A600B1A700 /* TwitterCloneUITests.swift in Sources */ = {isa = PBXBuildFile; fileRef = 5CABC6572C11C3A600B1A700 /* TwitterCloneUITests.swift */; };
		5CABC65A2C11C3A600B1A700 /* TwitterCloneUITestsLaunchTests.swift in Sources */ = {isa = PBXBuildFile; fileRef = 5CABC6592C11C3A600B1A700 /* TwitterCloneUITestsLaunchTests.swift */; };
		5CABC66E2C11C78A00B1A700 /* MainTabController.swift in Sources */ = {isa = PBXBuildFile; fileRef = 5CABC66D2C11C78A00B1A700 /* MainTabController.swift */; };
		5CABC6702C11CCC100B1A700 /* FeedController.swift in Sources */ = {isa = PBXBuildFile; fileRef = 5CABC66F2C11CCC100B1A700 /* FeedController.swift */; };
		5CABC6722C11CCFD00B1A700 /* ExploreController.swift in Sources */ = {isa = PBXBuildFile; fileRef = 5CABC6712C11CCFD00B1A700 /* ExploreController.swift */; };
		5CABC6742C11CD0500B1A700 /* NotificationsController.swift in Sources */ = {isa = PBXBuildFile; fileRef = 5CABC6732C11CD0500B1A700 /* NotificationsController.swift */; };
		5CABC6762C11CD1200B1A700 /* ConversationsController.swift in Sources */ = {isa = PBXBuildFile; fileRef = 5CABC6752C11CD1200B1A700 /* ConversationsController.swift */; };
		5CABC67A2C11EDCA00B1A700 /* Extensions.swift in Sources */ = {isa = PBXBuildFile; fileRef = 5CABC6792C11EDCA00B1A700 /* Extensions.swift */; };
/* End PBXBuildFile section */

/* Begin PBXContainerItemProxy section */
		5CABC64A2C11C3A600B1A700 /* PBXContainerItemProxy */ = {
			isa = PBXContainerItemProxy;
			containerPortal = 5CABC62B2C11C3A500B1A700 /* Project object */;
			proxyType = 1;
			remoteGlobalIDString = 5CABC6322C11C3A500B1A700;
			remoteInfo = TwitterClone;
		};
		5CABC6542C11C3A600B1A700 /* PBXContainerItemProxy */ = {
			isa = PBXContainerItemProxy;
			containerPortal = 5CABC62B2C11C3A500B1A700 /* Project object */;
			proxyType = 1;
			remoteGlobalIDString = 5CABC6322C11C3A500B1A700;
			remoteInfo = TwitterClone;
		};
/* End PBXContainerItemProxy section */

/* Begin PBXFileReference section */
		5C0F35F02C1C744500B06B64 /* Logincontroller.swift */ = {isa = PBXFileReference; lastKnownFileType = sourcecode.swift; path = Logincontroller.swift; sourceTree = "<group>"; };
		5C0F35F22C1C74EE00B06B64 /* RegistrationController.swift */ = {isa = PBXFileReference; lastKnownFileType = sourcecode.swift; path = RegistrationController.swift; sourceTree = "<group>"; };
		5C0F35F42C1E3B7700B06B64 /* Utilities.swift */ = {isa = PBXFileReference; lastKnownFileType = sourcecode.swift; path = Utilities.swift; sourceTree = "<group>"; };
		5CABC6332C11C3A500B1A700 /* TwitterClone.app */ = {isa = PBXFileReference; explicitFileType = wrapper.application; includeInIndex = 0; path = TwitterClone.app; sourceTree = BUILT_PRODUCTS_DIR; };
		5CABC6362C11C3A500B1A700 /* AppDelegate.swift */ = {isa = PBXFileReference; lastKnownFileType = sourcecode.swift; path = AppDelegate.swift; sourceTree = "<group>"; };
		5CABC6382C11C3A500B1A700 /* SceneDelegate.swift */ = {isa = PBXFileReference; lastKnownFileType = sourcecode.swift; path = SceneDelegate.swift; sourceTree = "<group>"; };
		5CABC63D2C11C3A500B1A700 /* Base */ = {isa = PBXFileReference; lastKnownFileType = file.storyboard; name = Base; path = Base.lproj/Main.storyboard; sourceTree = "<group>"; };
		5CABC63F2C11C3A600B1A700 /* Assets.xcassets */ = {isa = PBXFileReference; lastKnownFileType = folder.assetcatalog; path = Assets.xcassets; sourceTree = "<group>"; };
		5CABC6422C11C3A600B1A700 /* Base */ = {isa = PBXFileReference; lastKnownFileType = file.storyboard; name = Base; path = Base.lproj/LaunchScreen.storyboard; sourceTree = "<group>"; };
		5CABC6442C11C3A600B1A700 /* Info.plist */ = {isa = PBXFileReference; lastKnownFileType = text.plist.xml; path = Info.plist; sourceTree = "<group>"; };
		5CABC6492C11C3A600B1A700 /* TwitterCloneTests.xctest */ = {isa = PBXFileReference; explicitFileType = wrapper.cfbundle; includeInIndex = 0; path = TwitterCloneTests.xctest; sourceTree = BUILT_PRODUCTS_DIR; };
		5CABC64D2C11C3A600B1A700 /* TwitterCloneTests.swift */ = {isa = PBXFileReference; lastKnownFileType = sourcecode.swift; path = TwitterCloneTests.swift; sourceTree = "<group>"; };
		5CABC6532C11C3A600B1A700 /* TwitterCloneUITests.xctest */ = {isa = PBXFileReference; explicitFileType = wrapper.cfbundle; includeInIndex = 0; path = TwitterCloneUITests.xctest; sourceTree = BUILT_PRODUCTS_DIR; };
		5CABC6572C11C3A600B1A700 /* TwitterCloneUITests.swift */ = {isa = PBXFileReference; lastKnownFileType = sourcecode.swift; path = TwitterCloneUITests.swift; sourceTree = "<group>"; };
		5CABC6592C11C3A600B1A700 /* TwitterCloneUITestsLaunchTests.swift */ = {isa = PBXFileReference; lastKnownFileType = sourcecode.swift; path = TwitterCloneUITestsLaunchTests.swift; sourceTree = "<group>"; };
		5CABC66D2C11C78A00B1A700 /* MainTabController.swift */ = {isa = PBXFileReference; lastKnownFileType = sourcecode.swift; path = MainTabController.swift; sourceTree = "<group>"; };
		5CABC66F2C11CCC100B1A700 /* FeedController.swift */ = {isa = PBXFileReference; lastKnownFileType = sourcecode.swift; path = FeedController.swift; sourceTree = "<group>"; };
		5CABC6712C11CCFD00B1A700 /* ExploreController.swift */ = {isa = PBXFileReference; lastKnownFileType = sourcecode.swift; path = ExploreController.swift; sourceTree = "<group>"; };
		5CABC6732C11CD0500B1A700 /* NotificationsController.swift */ = {isa = PBXFileReference; lastKnownFileType = sourcecode.swift; path = NotificationsController.swift; sourceTree = "<group>"; };
		5CABC6752C11CD1200B1A700 /* ConversationsController.swift */ = {isa = PBXFileReference; lastKnownFileType = sourcecode.swift; path = ConversationsController.swift; sourceTree = "<group>"; };
		5CABC6792C11EDCA00B1A700 /* Extensions.swift */ = {isa = PBXFileReference; fileEncoding = 4; lastKnownFileType = sourcecode.swift; path = Extensions.swift; sourceTree = "<group>"; };
/* End PBXFileReference section */

/* Begin PBXFrameworksBuildPhase section */
		5CABC6302C11C3A500B1A700 /* Frameworks */ = {
			isa = PBXFrameworksBuildPhase;
			buildActionMask = 2147483647;
			files = (
			);
			runOnlyForDeploymentPostprocessing = 0;
		};
		5CABC6462C11C3A600B1A700 /* Frameworks */ = {
			isa = PBXFrameworksBuildPhase;
			buildActionMask = 2147483647;
			files = (
			);
			runOnlyForDeploymentPostprocessing = 0;
		};
		5CABC6502C11C3A600B1A700 /* Frameworks */ = {
			isa = PBXFrameworksBuildPhase;
			buildActionMask = 2147483647;
			files = (
			);
			runOnlyForDeploymentPostprocessing = 0;
		};
/* End PBXFrameworksBuildPhase section */

/* Begin PBXGroup section */
		5C0F35EF2C1C742B00B06B64 /* Authentication */ = {
			isa = PBXGroup;
			children = (
				5C0F35F02C1C744500B06B64 /* Logincontroller.swift */,
				5C0F35F22C1C74EE00B06B64 /* RegistrationController.swift */,
			);
			path = Authentication;
			sourceTree = "<group>";
		};
		5CABC62A2C11C3A500B1A700 = {
			isa = PBXGroup;
			children = (
				5CABC6352C11C3A500B1A700 /* TwitterClone */,
				5CABC64C2C11C3A600B1A700 /* TwitterCloneTests */,
				5CABC6562C11C3A600B1A700 /* TwitterCloneUITests */,
				5CABC6342C11C3A500B1A700 /* Products */,
			);
			sourceTree = "<group>";
		};
		5CABC6342C11C3A500B1A700 /* Products */ = {
			isa = PBXGroup;
			children = (
				5CABC6332C11C3A500B1A700 /* TwitterClone.app */,
				5CABC6492C11C3A600B1A700 /* TwitterCloneTests.xctest */,
				5CABC6532C11C3A600B1A700 /* TwitterCloneUITests.xctest */,
			);
			name = Products;
			sourceTree = "<group>";
		};
		5CABC6352C11C3A500B1A700 /* TwitterClone */ = {
			isa = PBXGroup;
			children = (
				5CABC66C2C11C68900B1A700 /* Model */,
				5CABC66B2C11C62E00B1A700 /* View */,
				5CABC66A2C11C41F00B1A700 /* ViewModel */,
				5CABC6682C11C41300B1A700 /* Controller */,
				5CABC6672C11C41100B1A700 /* API */,
				5CABC6662C11C3E700B1A700 /* Utils */,
				5CABC6362C11C3A500B1A700 /* AppDelegate.swift */,
				5CABC6382C11C3A500B1A700 /* SceneDelegate.swift */,
				5CABC63C2C11C3A500B1A700 /* Main.storyboard */,
				5CABC63F2C11C3A600B1A700 /* Assets.xcassets */,
				5CABC6412C11C3A600B1A700 /* LaunchScreen.storyboard */,
				5CABC6442C11C3A600B1A700 /* Info.plist */,
			);
			path = TwitterClone;
			sourceTree = "<group>";
		};
		5CABC64C2C11C3A600B1A700 /* TwitterCloneTests */ = {
			isa = PBXGroup;
			children = (
				5CABC64D2C11C3A600B1A700 /* TwitterCloneTests.swift */,
			);
			path = TwitterCloneTests;
			sourceTree = "<group>";
		};
		5CABC6562C11C3A600B1A700 /* TwitterCloneUITests */ = {
			isa = PBXGroup;
			children = (
				5CABC6572C11C3A600B1A700 /* TwitterCloneUITests.swift */,
				5CABC6592C11C3A600B1A700 /* TwitterCloneUITestsLaunchTests.swift */,
			);
			path = TwitterCloneUITests;
			sourceTree = "<group>";
		};
		5CABC6662C11C3E700B1A700 /* Utils */ = {
			isa = PBXGroup;
			children = (
				5CABC6792C11EDCA00B1A700 /* Extensions.swift */,
				5C0F35F42C1E3B7700B06B64 /* Utilities.swift */,
			);
			path = Utils;
			sourceTree = "<group>";
		};
		5CABC6672C11C41100B1A700 /* API */ = {
			isa = PBXGroup;
			children = (
			);
			path = API;
			sourceTree = "<group>";
		};
		5CABC6682C11C41300B1A700 /* Controller */ = {
			isa = PBXGroup;
			children = (
				5C0F35EF2C1C742B00B06B64 /* Authentication */,
				5CABC66D2C11C78A00B1A700 /* MainTabController.swift */,
				5CABC66F2C11CCC100B1A700 /* FeedController.swift */,
				5CABC6712C11CCFD00B1A700 /* ExploreController.swift */,
				5CABC6732C11CD0500B1A700 /* NotificationsController.swift */,
				5CABC6752C11CD1200B1A700 /* ConversationsController.swift */,
			);
			path = Controller;
			sourceTree = "<group>";
		};
		5CABC66A2C11C41F00B1A700 /* ViewModel */ = {
			isa = PBXGroup;
			children = (
			);
			path = ViewModel;
			sourceTree = "<group>";
		};
		5CABC66B2C11C62E00B1A700 /* View */ = {
			isa = PBXGroup;
			children = (
			);
			path = View;
			sourceTree = "<group>";
		};
		5CABC66C2C11C68900B1A700 /* Model */ = {
			isa = PBXGroup;
			children = (
			);
			path = Model;
			sourceTree = "<group>";
		};
/* End PBXGroup section */

/* Begin PBXNativeTarget section */
		5CABC6322C11C3A500B1A700 /* TwitterClone */ = {
			isa = PBXNativeTarget;
			buildConfigurationList = 5CABC65D2C11C3A600B1A700 /* Build configuration list for PBXNativeTarget "TwitterClone" */;
			buildPhases = (
				5CABC62F2C11C3A500B1A700 /* Sources */,
				5CABC6302C11C3A500B1A700 /* Frameworks */,
				5CABC6312C11C3A500B1A700 /* Resources */,
			);
			buildRules = (
			);
			dependencies = (
			);
			name = TwitterClone;
			productName = TwitterClone;
			productReference = 5CABC6332C11C3A500B1A700 /* TwitterClone.app */;
			productType = "com.apple.product-type.application";
		};
		5CABC6482C11C3A600B1A700 /* TwitterCloneTests */ = {
			isa = PBXNativeTarget;
			buildConfigurationList = 5CABC6602C11C3A600B1A700 /* Build configuration list for PBXNativeTarget "TwitterCloneTests" */;
			buildPhases = (
				5CABC6452C11C3A600B1A700 /* Sources */,
				5CABC6462C11C3A600B1A700 /* Frameworks */,
				5CABC6472C11C3A600B1A700 /* Resources */,
			);
			buildRules = (
			);
			dependencies = (
				5CABC64B2C11C3A600B1A700 /* PBXTargetDependency */,
			);
			name = TwitterCloneTests;
			productName = TwitterCloneTests;
			productReference = 5CABC6492C11C3A600B1A700 /* TwitterCloneTests.xctest */;
			productType = "com.apple.product-type.bundle.unit-test";
		};
		5CABC6522C11C3A600B1A700 /* TwitterCloneUITests */ = {
			isa = PBXNativeTarget;
			buildConfigurationList = 5CABC6632C11C3A600B1A700 /* Build configuration list for PBXNativeTarget "TwitterCloneUITests" */;
			buildPhases = (
				5CABC64F2C11C3A600B1A700 /* Sources */,
				5CABC6502C11C3A600B1A700 /* Frameworks */,
				5CABC6512C11C3A600B1A700 /* Resources */,
			);
			buildRules = (
			);
			dependencies = (
				5CABC6552C11C3A600B1A700 /* PBXTargetDependency */,
			);
			name = TwitterCloneUITests;
			productName = TwitterCloneUITests;
			productReference = 5CABC6532C11C3A600B1A700 /* TwitterCloneUITests.xctest */;
			productType = "com.apple.product-type.bundle.ui-testing";
		};
/* End PBXNativeTarget section */

/* Begin PBXProject section */
		5CABC62B2C11C3A500B1A700 /* Project object */ = {
			isa = PBXProject;
			attributes = {
				BuildIndependentTargetsInParallel = 1;
				LastSwiftUpdateCheck = 1530;
				LastUpgradeCheck = 1530;
				TargetAttributes = {
					5CABC6322C11C3A500B1A700 = {
						CreatedOnToolsVersion = 15.3;
					};
					5CABC6482C11C3A600B1A700 = {
						CreatedOnToolsVersion = 15.3;
						TestTargetID = 5CABC6322C11C3A500B1A700;
					};
					5CABC6522C11C3A600B1A700 = {
						CreatedOnToolsVersion = 15.3;
						TestTargetID = 5CABC6322C11C3A500B1A700;
					};
				};
			};
			buildConfigurationList = 5CABC62E2C11C3A500B1A700 /* Build configuration list for PBXProject "TwitterClone" */;
			compatibilityVersion = "Xcode 14.0";
			developmentRegion = en;
			hasScannedForEncodings = 0;
			knownRegions = (
				en,
				Base,
			);
			mainGroup = 5CABC62A2C11C3A500B1A700;
			productRefGroup = 5CABC6342C11C3A500B1A700 /* Products */;
			projectDirPath = "";
			projectRoot = "";
			targets = (
				5CABC6322C11C3A500B1A700 /* TwitterClone */,
				5CABC6482C11C3A600B1A700 /* TwitterCloneTests */,
				5CABC6522C11C3A600B1A700 /* TwitterCloneUITests */,
			);
		};
/* End PBXProject section */

/* Begin PBXResourcesBuildPhase section */
		5CABC6312C11C3A500B1A700 /* Resources */ = {
			isa = PBXResourcesBuildPhase;
			buildActionMask = 2147483647;
			files = (
				5CABC6402C11C3A600B1A700 /* Assets.xcassets in Resources */,
				5CABC6432C11C3A600B1A700 /* Base in Resources */,
				5CABC63E2C11C3A500B1A700 /* Base in Resources */,
			);
			runOnlyForDeploymentPostprocessing = 0;
		};
		5CABC6472C11C3A600B1A700 /* Resources */ = {
			isa = PBXResourcesBuildPhase;
			buildActionMask = 2147483647;
			files = (
			);
			runOnlyForDeploymentPostprocessing = 0;
		};
		5CABC6512C11C3A600B1A700 /* Resources */ = {
			isa = PBXResourcesBuildPhase;
			buildActionMask = 2147483647;
			files = (
			);
			runOnlyForDeploymentPostprocessing = 0;
		};
/* End PBXResourcesBuildPhase section */

/* Begin PBXSourcesBuildPhase section */
		5CABC62F2C11C3A500B1A700 /* Sources */ = {
			isa = PBXSourcesBuildPhase;
			buildActionMask = 2147483647;
			files = (
				5CABC6742C11CD0500B1A700 /* NotificationsController.swift in Sources */,
				5CABC67A2C11EDCA00B1A700 /* Extensions.swift in Sources */,
				5C0F35F52C1E3B7700B06B64 /* Utilities.swift in Sources */,
				5CABC6372C11C3A500B1A700 /* AppDelegate.swift in Sources */,
				5CABC6722C11CCFD00B1A700 /* ExploreController.swift in Sources */,
				5C0F35F32C1C74EE00B06B64 /* RegistrationController.swift in Sources */,
				5CABC6762C11CD1200B1A700 /* ConversationsController.swift in Sources */,
				5CABC6392C11C3A500B1A700 /* SceneDelegate.swift in Sources */,
				5CABC66E2C11C78A00B1A700 /* MainTabController.swift in Sources */,
				5C0F35F12C1C744500B06B64 /* Logincontroller.swift in Sources */,
				5CABC6702C11CCC100B1A700 /* FeedController.swift in Sources */,
			);
			runOnlyForDeploymentPostprocessing = 0;
		};
		5CABC6452C11C3A600B1A700 /* Sources */ = {
			isa = PBXSourcesBuildPhase;
			buildActionMask = 2147483647;
			files = (
				5CABC64E2C11C3A600B1A700 /* TwitterCloneTests.swift in Sources */,
			);
			runOnlyForDeploymentPostprocessing = 0;
		};
		5CABC64F2C11C3A600B1A700 /* Sources */ = {
			isa = PBXSourcesBuildPhase;
			buildActionMask = 2147483647;
			files = (
				5CABC65A2C11C3A600B1A700 /* TwitterCloneUITestsLaunchTests.swift in Sources */,
				5CABC6582C11C3A600B1A700 /* TwitterCloneUITests.swift in Sources */,
			);
			runOnlyForDeploymentPostprocessing = 0;
		};
/* End PBXSourcesBuildPhase section */

/* Begin PBXTargetDependency section */
		5CABC64B2C11C3A600B1A700 /* PBXTargetDependency */ = {
			isa = PBXTargetDependency;
			target = 5CABC6322C11C3A500B1A700 /* TwitterClone */;
			targetProxy = 5CABC64A2C11C3A600B1A700 /* PBXContainerItemProxy */;
		};
		5CABC6552C11C3A600B1A700 /* PBXTargetDependency */ = {
			isa = PBXTargetDependency;
			target = 5CABC6322C11C3A500B1A700 /* TwitterClone */;
			targetProxy = 5CABC6542C11C3A600B1A700 /* PBXContainerItemProxy */;
		};
/* End PBXTargetDependency section */

/* Begin PBXVariantGroup section */
		5CABC63C2C11C3A500B1A700 /* Main.storyboard */ = {
			isa = PBXVariantGroup;
			children = (
				5CABC63D2C11C3A500B1A700 /* Base */,
			);
			name = Main.storyboard;
			sourceTree = "<group>";
		};
		5CABC6412C11C3A600B1A700 /* LaunchScreen.storyboard */ = {
			isa = PBXVariantGroup;
			children = (
				5CABC6422C11C3A600B1A700 /* Base */,
			);
			name = LaunchScreen.storyboard;
			sourceTree = "<group>";
		};
/* End PBXVariantGroup section */

/* Begin XCBuildConfiguration section */
		5CABC65B2C11C3A600B1A700 /* Debug */ = {
			isa = XCBuildConfiguration;
			buildSettings = {
				ALWAYS_SEARCH_USER_PATHS = NO;
				ASSETCATALOG_COMPILER_GENERATE_SWIFT_ASSET_SYMBOL_EXTENSIONS = YES;
				CLANG_ANALYZER_NONNULL = YES;
				CLANG_ANALYZER_NUMBER_OBJECT_CONVERSION = YES_AGGRESSIVE;
				CLANG_CXX_LANGUAGE_STANDARD = "gnu++20";
				CLANG_ENABLE_MODULES = YES;
				CLANG_ENABLE_OBJC_ARC = YES;
				CLANG_ENABLE_OBJC_WEAK = YES;
				CLANG_WARN_BLOCK_CAPTURE_AUTORELEASING = YES;
				CLANG_WARN_BOOL_CONVERSION = YES;
				CLANG_WARN_COMMA = YES;
				CLANG_WARN_CONSTANT_CONVERSION = YES;
				CLANG_WARN_DEPRECATED_OBJC_IMPLEMENTATIONS = YES;
				CLANG_WARN_DIRECT_OBJC_ISA_USAGE = YES_ERROR;
				CLANG_WARN_DOCUMENTATION_COMMENTS = YES;
				CLANG_WARN_EMPTY_BODY = YES;
				CLANG_WARN_ENUM_CONVERSION = YES;
				CLANG_WARN_INFINITE_RECURSION = YES;
				CLANG_WARN_INT_CONVERSION = YES;
				CLANG_WARN_NON_LITERAL_NULL_CONVERSION = YES;
				CLANG_WARN_OBJC_IMPLICIT_RETAIN_SELF = YES;
				CLANG_WARN_OBJC_LITERAL_CONVERSION = YES;
				CLANG_WARN_OBJC_ROOT_CLASS = YES_ERROR;
				CLANG_WARN_QUOTED_INCLUDE_IN_FRAMEWORK_HEADER = YES;
				CLANG_WARN_RANGE_LOOP_ANALYSIS = YES;
				CLANG_WARN_STRICT_PROTOTYPES = YES;
				CLANG_WARN_SUSPICIOUS_MOVE = YES;
				CLANG_WARN_UNGUARDED_AVAILABILITY = YES_AGGRESSIVE;
				CLANG_WARN_UNREACHABLE_CODE = YES;
				CLANG_WARN__DUPLICATE_METHOD_MATCH = YES;
				COPY_PHASE_STRIP = NO;
				DEBUG_INFORMATION_FORMAT = dwarf;
				ENABLE_STRICT_OBJC_MSGSEND = YES;
				ENABLE_TESTABILITY = YES;
				ENABLE_USER_SCRIPT_SANDBOXING = YES;
				GCC_C_LANGUAGE_STANDARD = gnu17;
				GCC_DYNAMIC_NO_PIC = NO;
				GCC_NO_COMMON_BLOCKS = YES;
				GCC_OPTIMIZATION_LEVEL = 0;
				GCC_PREPROCESSOR_DEFINITIONS = (
					"DEBUG=1",
					"$(inherited)",
				);
				GCC_WARN_64_TO_32_BIT_CONVERSION = YES;
				GCC_WARN_ABOUT_RETURN_TYPE = YES_ERROR;
				GCC_WARN_UNDECLARED_SELECTOR = YES;
				GCC_WARN_UNINITIALIZED_AUTOS = YES_AGGRESSIVE;
				GCC_WARN_UNUSED_FUNCTION = YES;
				GCC_WARN_UNUSED_VARIABLE = YES;
				IPHONEOS_DEPLOYMENT_TARGET = 17.4;
				LOCALIZATION_PREFERS_STRING_CATALOGS = YES;
				MTL_ENABLE_DEBUG_INFO = INCLUDE_SOURCE;
				MTL_FAST_MATH = YES;
				ONLY_ACTIVE_ARCH = YES;
				SDKROOT = iphoneos;
				SWIFT_ACTIVE_COMPILATION_CONDITIONS = "DEBUG $(inherited)";
				SWIFT_OPTIMIZATION_LEVEL = "-Onone";
			};
			name = Debug;
		};
		5CABC65C2C11C3A600B1A700 /* Release */ = {
			isa = XCBuildConfiguration;
			buildSettings = {
				ALWAYS_SEARCH_USER_PATHS = NO;
				ASSETCATALOG_COMPILER_GENERATE_SWIFT_ASSET_SYMBOL_EXTENSIONS = YES;
				CLANG_ANALYZER_NONNULL = YES;
				CLANG_ANALYZER_NUMBER_OBJECT_CONVERSION = YES_AGGRESSIVE;
				CLANG_CXX_LANGUAGE_STANDARD = "gnu++20";
				CLANG_ENABLE_MODULES = YES;
				CLANG_ENABLE_OBJC_ARC = YES;
				CLANG_ENABLE_OBJC_WEAK = YES;
				CLANG_WARN_BLOCK_CAPTURE_AUTORELEASING = YES;
				CLANG_WARN_BOOL_CONVERSION = YES;
				CLANG_WARN_COMMA = YES;
				CLANG_WARN_CONSTANT_CONVERSION = YES;
				CLANG_WARN_DEPRECATED_OBJC_IMPLEMENTATIONS = YES;
				CLANG_WARN_DIRECT_OBJC_ISA_USAGE = YES_ERROR;
				CLANG_WARN_DOCUMENTATION_COMMENTS = YES;
				CLANG_WARN_EMPTY_BODY = YES;
				CLANG_WARN_ENUM_CONVERSION = YES;
				CLANG_WARN_INFINITE_RECURSION = YES;
				CLANG_WARN_INT_CONVERSION = YES;
				CLANG_WARN_NON_LITERAL_NULL_CONVERSION = YES;
				CLANG_WARN_OBJC_IMPLICIT_RETAIN_SELF = YES;
				CLANG_WARN_OBJC_LITERAL_CONVERSION = YES;
				CLANG_WARN_OBJC_ROOT_CLASS = YES_ERROR;
				CLANG_WARN_QUOTED_INCLUDE_IN_FRAMEWORK_HEADER = YES;
				CLANG_WARN_RANGE_LOOP_ANALYSIS = YES;
				CLANG_WARN_STRICT_PROTOTYPES = YES;
				CLANG_WARN_SUSPICIOUS_MOVE = YES;
				CLANG_WARN_UNGUARDED_AVAILABILITY = YES_AGGRESSIVE;
				CLANG_WARN_UNREACHABLE_CODE = YES;
				CLANG_WARN__DUPLICATE_METHOD_MATCH = YES;
				COPY_PHASE_STRIP = NO;
				DEBUG_INFORMATION_FORMAT = "dwarf-with-dsym";
				ENABLE_NS_ASSERTIONS = NO;
				ENABLE_STRICT_OBJC_MSGSEND = YES;
				ENABLE_USER_SCRIPT_SANDBOXING = YES;
				GCC_C_LANGUAGE_STANDARD = gnu17;
				GCC_NO_COMMON_BLOCKS = YES;
				GCC_WARN_64_TO_32_BIT_CONVERSION = YES;
				GCC_WARN_ABOUT_RETURN_TYPE = YES_ERROR;
				GCC_WARN_UNDECLARED_SELECTOR = YES;
				GCC_WARN_UNINITIALIZED_AUTOS = YES_AGGRESSIVE;
				GCC_WARN_UNUSED_FUNCTION = YES;
				GCC_WARN_UNUSED_VARIABLE = YES;
				IPHONEOS_DEPLOYMENT_TARGET = 17.4;
				LOCALIZATION_PREFERS_STRING_CATALOGS = YES;
				MTL_ENABLE_DEBUG_INFO = NO;
				MTL_FAST_MATH = YES;
				SDKROOT = iphoneos;
				SWIFT_COMPILATION_MODE = wholemodule;
				VALIDATE_PRODUCT = YES;
			};
			name = Release;
		};
		5CABC65E2C11C3A600B1A700 /* Debug */ = {
			isa = XCBuildConfiguration;
			buildSettings = {
				ASSETCATALOG_COMPILER_APPICON_NAME = AppIcon;
				ASSETCATALOG_COMPILER_GLOBAL_ACCENT_COLOR_NAME = AccentColor;
				CODE_SIGN_STYLE = Automatic;
				CURRENT_PROJECT_VERSION = 1;
				DEVELOPMENT_TEAM = AS2KK6HR94;
				GENERATE_INFOPLIST_FILE = YES;
				INFOPLIST_FILE = TwitterClone/Info.plist;
				INFOPLIST_KEY_UIApplicationSupportsIndirectInputEvents = YES;
				INFOPLIST_KEY_UILaunchStoryboardName = LaunchScreen;
				INFOPLIST_KEY_UIMainStoryboardFile = Main;
				INFOPLIST_KEY_UISupportedInterfaceOrientations_iPad = "UIInterfaceOrientationPortrait UIInterfaceOrientationPortraitUpsideDown UIInterfaceOrientationLandscapeLeft UIInterfaceOrientationLandscapeRight";
				INFOPLIST_KEY_UISupportedInterfaceOrientations_iPhone = "UIInterfaceOrientationPortrait UIInterfaceOrientationLandscapeLeft UIInterfaceOrientationLandscapeRight";
				LD_RUNPATH_SEARCH_PATHS = (
					"$(inherited)",
					"@executable_path/Frameworks",
				);
				MARKETING_VERSION = 1.0;
				PRODUCT_BUNDLE_IDENTIFIER = com.song.TwitterClone;
				PRODUCT_NAME = "$(TARGET_NAME)";
				SWIFT_EMIT_LOC_STRINGS = YES;
				SWIFT_VERSION = 5.0;
				TARGETED_DEVICE_FAMILY = "1,2";
			};
			name = Debug;
		};
		5CABC65F2C11C3A600B1A700 /* Release */ = {
			isa = XCBuildConfiguration;
			buildSettings = {
				ASSETCATALOG_COMPILER_APPICON_NAME = AppIcon;
				ASSETCATALOG_COMPILER_GLOBAL_ACCENT_COLOR_NAME = AccentColor;
				CODE_SIGN_STYLE = Automatic;
				CURRENT_PROJECT_VERSION = 1;
				DEVELOPMENT_TEAM = AS2KK6HR94;
				GENERATE_INFOPLIST_FILE = YES;
				INFOPLIST_FILE = TwitterClone/Info.plist;
				INFOPLIST_KEY_UIApplicationSupportsIndirectInputEvents = YES;
				INFOPLIST_KEY_UILaunchStoryboardName = LaunchScreen;
				INFOPLIST_KEY_UIMainStoryboardFile = Main;
				INFOPLIST_KEY_UISupportedInterfaceOrientations_iPad = "UIInterfaceOrientationPortrait UIInterfaceOrientationPortraitUpsideDown UIInterfaceOrientationLandscapeLeft UIInterfaceOrientationLandscapeRight";
				INFOPLIST_KEY_UISupportedInterfaceOrientations_iPhone = "UIInterfaceOrientationPortrait UIInterfaceOrientationLandscapeLeft UIInterfaceOrientationLandscapeRight";
				LD_RUNPATH_SEARCH_PATHS = (
					"$(inherited)",
					"@executable_path/Frameworks",
				);
				MARKETING_VERSION = 1.0;
				PRODUCT_BUNDLE_IDENTIFIER = com.song.TwitterClone;
				PRODUCT_NAME = "$(TARGET_NAME)";
				SWIFT_EMIT_LOC_STRINGS = YES;
				SWIFT_VERSION = 5.0;
				TARGETED_DEVICE_FAMILY = "1,2";
			};
			name = Release;
		};
		5CABC6612C11C3A600B1A700 /* Debug */ = {
			isa = XCBuildConfiguration;
			buildSettings = {
				ALWAYS_EMBED_SWIFT_STANDARD_LIBRARIES = YES;
				BUNDLE_LOADER = "$(TEST_HOST)";
				CODE_SIGN_STYLE = Automatic;
				CURRENT_PROJECT_VERSION = 1;
				DEVELOPMENT_TEAM = AS2KK6HR94;
				GENERATE_INFOPLIST_FILE = YES;
				IPHONEOS_DEPLOYMENT_TARGET = 17.4;
				MARKETING_VERSION = 1.0;
				PRODUCT_BUNDLE_IDENTIFIER = com.song.TwitterCloneTests;
				PRODUCT_NAME = "$(TARGET_NAME)";
				SWIFT_EMIT_LOC_STRINGS = NO;
				SWIFT_VERSION = 5.0;
				TARGETED_DEVICE_FAMILY = "1,2";
				TEST_HOST = "$(BUILT_PRODUCTS_DIR)/TwitterClone.app/$(BUNDLE_EXECUTABLE_FOLDER_PATH)/TwitterClone";
			};
			name = Debug;
		};
		5CABC6622C11C3A600B1A700 /* Release */ = {
			isa = XCBuildConfiguration;
			buildSettings = {
				ALWAYS_EMBED_SWIFT_STANDARD_LIBRARIES = YES;
				BUNDLE_LOADER = "$(TEST_HOST)";
				CODE_SIGN_STYLE = Automatic;
				CURRENT_PROJECT_VERSION = 1;
				DEVELOPMENT_TEAM = AS2KK6HR94;
				GENERATE_INFOPLIST_FILE = YES;
				IPHONEOS_DEPLOYMENT_TARGET = 17.4;
				MARKETING_VERSION = 1.0;
				PRODUCT_BUNDLE_IDENTIFIER = com.song.TwitterCloneTests;
				PRODUCT_NAME = "$(TARGET_NAME)";
				SWIFT_EMIT_LOC_STRINGS = NO;
				SWIFT_VERSION = 5.0;
				TARGETED_DEVICE_FAMILY = "1,2";
				TEST_HOST = "$(BUILT_PRODUCTS_DIR)/TwitterClone.app/$(BUNDLE_EXECUTABLE_FOLDER_PATH)/TwitterClone";
			};
			name = Release;
		};
		5CABC6642C11C3A600B1A700 /* Debug */ = {
			isa = XCBuildConfiguration;
			buildSettings = {
				ALWAYS_EMBED_SWIFT_STANDARD_LIBRARIES = YES;
				CODE_SIGN_STYLE = Automatic;
				CURRENT_PROJECT_VERSION = 1;
				DEVELOPMENT_TEAM = AS2KK6HR94;
				GENERATE_INFOPLIST_FILE = YES;
				MARKETING_VERSION = 1.0;
				PRODUCT_BUNDLE_IDENTIFIER = com.song.TwitterCloneUITests;
				PRODUCT_NAME = "$(TARGET_NAME)";
				SWIFT_EMIT_LOC_STRINGS = NO;
				SWIFT_VERSION = 5.0;
				TARGETED_DEVICE_FAMILY = "1,2";
				TEST_TARGET_NAME = TwitterClone;
			};
			name = Debug;
		};
		5CABC6652C11C3A600B1A700 /* Release */ = {
			isa = XCBuildConfiguration;
			buildSettings = {
				ALWAYS_EMBED_SWIFT_STANDARD_LIBRARIES = YES;
				CODE_SIGN_STYLE = Automatic;
				CURRENT_PROJECT_VERSION = 1;
				DEVELOPMENT_TEAM = AS2KK6HR94;
				GENERATE_INFOPLIST_FILE = YES;
				MARKETING_VERSION = 1.0;
				PRODUCT_BUNDLE_IDENTIFIER = com.song.TwitterCloneUITests;
				PRODUCT_NAME = "$(TARGET_NAME)";
				SWIFT_EMIT_LOC_STRINGS = NO;
				SWIFT_VERSION = 5.0;
				TARGETED_DEVICE_FAMILY = "1,2";
				TEST_TARGET_NAME = TwitterClone;
			};
			name = Release;
		};
/* End XCBuildConfiguration section */

/* Begin XCConfigurationList section */
		5CABC62E2C11C3A500B1A700 /* Build configuration list for PBXProject "TwitterClone" */ = {
			isa = XCConfigurationList;
			buildConfigurations = (
				5CABC65B2C11C3A600B1A700 /* Debug */,
				5CABC65C2C11C3A600B1A700 /* Release */,
			);
			defaultConfigurationIsVisible = 0;
			defaultConfigurationName = Release;
		};
		5CABC65D2C11C3A600B1A700 /* Build configuration list for PBXNativeTarget "TwitterClone" */ = {
			isa = XCConfigurationList;
			buildConfigurations = (
				5CABC65E2C11C3A600B1A700 /* Debug */,
				5CABC65F2C11C3A600B1A700 /* Release */,
			);
			defaultConfigurationIsVisible = 0;
			defaultConfigurationName = Release;
		};
		5CABC6602C11C3A600B1A700 /* Build configuration list for PBXNativeTarget "TwitterCloneTests" */ = {
			isa = XCConfigurationList;
			buildConfigurations = (
				5CABC6612C11C3A600B1A700 /* Debug */,
				5CABC6622C11C3A600B1A700 /* Release */,
			);
			defaultConfigurationIsVisible = 0;
			defaultConfigurationName = Release;
		};
		5CABC6632C11C3A600B1A700 /* Build configuration list for PBXNativeTarget "TwitterCloneUITests" */ = {
			isa = XCConfigurationList;
			buildConfigurations = (
				5CABC6642C11C3A600B1A700 /* Debug */,
				5CABC6652C11C3A600B1A700 /* Release */,
			);
			defaultConfigurationIsVisible = 0;
			defaultConfigurationName = Release;
		};
/* End XCConfigurationList section */
	};
	rootObject = 5CABC62B2C11C3A500B1A700 /* Project object */;
}
